#MicroXplorer Configuration settings - do not modify
Mcu.Family=STM32F4
NVIC.USART3_IRQn=true\:0\:0\:false\:false\:true\:false\:true\:true
RCC.PLLSourceVirtual=RCC_PLLSOURCE_HSE
ProjectManager.MainLocation=Core/Src
I2C2.IPParameters=ClockSpeed
ProjectManager.ProjectFileName=Usart_to_i2c_eeprom.ioc
PH0-OSC_IN.Signal=RCC_OSC_IN
RCC.CortexFreq_Value=16000000
FREERTOS.Tasks01=defaultTask,24,128,StartDefaultTask,Default,NULL,Dynamic,NULL,NULL
ProjectManager.KeepUserCode=true
Mcu.UserName=STM32F407VGTx
Mcu.PinsNb=9
PB10.Mode=I2C
ProjectManager.NoMain=false
PC11.Locked=true
PC10.Locked=true
NVIC.SavedSvcallIrqHandlerGenerated=true
RCC.PLLCLKFreq_Value=150000000
PC11.Signal=USART3_RX
PC10.Signal=USART3_TX
RCC.PLLQCLKFreq_Value=75000000
ProjectManager.functionlistsort=1-MX_GPIO_Init-GPIO-false-HAL-true,2-SystemClock_Config-RCC-false-HAL-false,3-MX_I2C2_Init-I2C2-false-HAL-true,4-MX_USART3_UART_Init-USART3-false-HAL-true
PC10.Mode=Asynchronous
RCC.RTCFreq_Value=32000
ProjectManager.DefaultFWLocation=true
PB12.Locked=true
ProjectManager.DeletePrevious=true
PB10.Locked=true
PB11.Signal=I2C2_SDA
PinOutPanel.RotationAngle=0
RCC.FamilyName=M
ProjectManager.StackSize=0x400
VP_FREERTOS_VS_CMSIS_V2.Mode=CMSIS_V2
Mcu.IP4=SYS
RCC.FCLKCortexFreq_Value=16000000
Mcu.IP5=USART3
Mcu.IP2=NVIC
NVIC.SVCall_IRQn=true\:0\:0\:false\:false\:false\:false\:false\:false
Mcu.IP3=RCC
Mcu.IP0=FREERTOS
Mcu.IP1=I2C2
Mcu.UserConstants=
PB11.Mode=I2C
ProjectManager.TargetToolchain=TrueSTUDIO
Mcu.ThirdPartyNb=0
RCC.HCLKFreq_Value=16000000
Mcu.IPNb=6
RCC.I2SClocksFreq_Value=150000000
ProjectManager.PreviousToolchain=TrueSTUDIO
RCC.APB2TimFreq_Value=16000000
RCC.VcooutputI2S=150000000
NVIC.I2C2_ER_IRQn=true\:0\:0\:false\:false\:true\:false\:true\:true
Mcu.Pin6=PC11
Mcu.Pin7=VP_FREERTOS_VS_CMSIS_V2
ProjectManager.RegisterCallBack=
Mcu.Pin8=VP_SYS_VS_Systick
FREERTOS.IPParameters=Tasks01,Mutexes01
RCC.LSE_VALUE=32768
RCC.AHBFreq_Value=16000000
PH0-OSC_IN.Mode=HSE-External-Oscillator
Mcu.Pin0=PH0-OSC_IN
Mcu.Pin1=PH1-OSC_OUT
GPIO.groupedBy=
Mcu.Pin2=PB10
PB10.Signal=I2C2_SCL
Mcu.Pin3=PB11
Mcu.Pin4=PB12
RCC.VCOI2SOutputFreq_Value=300000000
Mcu.Pin5=PC10
ProjectManager.ProjectBuild=false
RCC.HSE_VALUE=25000000
NVIC.UsageFault_IRQn=true\:0\:0\:false\:false\:true\:false\:false\:false
NVIC.DebugMonitor_IRQn=true\:0\:0\:false\:false\:true\:false\:false\:false
board=custom
RCC.VCOOutputFreq_Value=300000000
NVIC.SysTick_IRQn=true\:0\:0\:false\:false\:true\:false\:false\:true
ProjectManager.LastFirmware=true
ProjectManager.FirmwarePackage=STM32Cube FW_F4 V1.25.1
MxDb.Version=DB.6.0.0
NVIC.SavedSystickIrqHandlerGenerated=true
RCC.APB2Freq_Value=16000000
ProjectManager.BackupPrevious=false
MxCube.Version=6.0.1
RCC.VCOInputFreq_Value=1562500
I2C2.ClockSpeed=100000
File.Version=6
VP_SYS_VS_Systick.Mode=SysTick
RCC.EthernetFreq_Value=16000000
PH1-OSC_OUT.Signal=RCC_OSC_OUT
NVIC.NonMaskableInt_IRQn=true\:0\:0\:false\:false\:true\:false\:false\:false
NVIC.PendSV_IRQn=true\:0\:0\:false\:false\:false\:false\:false\:false
ProjectManager.FreePins=false
RCC.IPParameters=48MHZClocksFreq_Value,AHBFreq_Value,APB1Freq_Value,APB1TimFreq_Value,APB2Freq_Value,APB2TimFreq_Value,CortexFreq_Value,EthernetFreq_Value,FCLKCortexFreq_Value,FamilyName,HCLKFreq_Value,HSE_VALUE,HSI_VALUE,I2SClocksFreq_Value,LSE_VALUE,LSI_VALUE,MCO2PinFreq_Value,PLLCLKFreq_Value,PLLQCLKFreq_Value,PLLSourceVirtual,RTCFreq_Value,RTCHSEDivFreq_Value,SYSCLKFreq_VALUE,VCOI2SOutputFreq_Value,VCOInputFreq_Value,VCOOutputFreq_Value,VcooutputI2S
ProjectManager.AskForMigrate=true
Mcu.Name=STM32F407V(E-G)Tx
ProjectManager.HalAssertFull=false
NVIC.SavedPendsvIrqHandlerGenerated=true
RCC.RTCHSEDivFreq_Value=12500000
ProjectManager.ProjectName=Usart_to_i2c_eeprom
ProjectManager.UnderRoot=true
VP_FREERTOS_VS_CMSIS_V2.Signal=FREERTOS_VS_CMSIS_V2
ProjectManager.CoupleFile=true
PH1-OSC_OUT.Mode=HSE-External-Oscillator
RCC.48MHZClocksFreq_Value=75000000
RCC.MCO2PinFreq_Value=16000000
RCC.SYSCLKFreq_VALUE=16000000
Mcu.Package=LQFP100
NVIC.ForceEnableDMAVector=true
KeepUserPlacement=false
USART3.VirtualMode=VM_ASYNC
NVIC.MemoryManagement_IRQn=true\:0\:0\:false\:false\:true\:false\:false\:false
ProjectManager.CompilerOptimize=6
ProjectManager.ToolChainLocation=
RCC.LSI_VALUE=32000
VP_SYS_VS_Systick.Signal=SYS_VS_Systick
USART3.IPParameters=VirtualMode
ProjectManager.HeapSize=0x200
NVIC.HardFault_IRQn=true\:0\:0\:false\:false\:true\:false\:false\:false
PC11.Mode=Asynchronous
ProjectManager.ComputerToolchain=false
NVIC.I2C2_EV_IRQn=true\:0\:0\:false\:false\:true\:false\:true\:true
RCC.HSI_VALUE=16000000
FREERTOS.Mutexes01=myMtxUart3Tx,Dynamic,NULL;myMtxUart3Rx,Dynamic,NULL
NVIC.PriorityGroup=NVIC_PRIORITYGROUP_4
RCC.APB1TimFreq_Value=16000000
NVIC.BusFault_IRQn=true\:0\:0\:false\:false\:true\:false\:false\:false
RCC.APB1Freq_Value=16000000
ProjectManager.CustomerFirmwarePackage=
PB11.Locked=true
ProjectManager.DeviceId=STM32F407VGTx
PB12.Signal=I2C2_SMBA
ProjectManager.LibraryCopy=1
